%{
  "cowboy": {:hex, :cowboy, "2.6.0", "dc1ff5354c89e36a3e3ef8d10433396dcff0dcbb1d4223b58c64c2d51a6d88d9", [:rebar3], [{:cowlib, "~> 2.7.0", [hex: :cowlib, repo: "hexpm", optional: false]}, {:ranch, "~> 1.7.0", [hex: :ranch, repo: "hexpm", optional: false]}], "hexpm", "ff7cf0fb7a2762f423d845468b32ed4edb5c7e0d78e6875b0628153239a7bb34"},
  "cowlib": {:hex, :cowlib, "2.7.0", "3ef16e77562f9855a2605900cedb15c1462d76fb1be6a32fc3ae91973ee543d2", [:rebar3], [], "hexpm", "59f952d504b9921a6f53226fdb8b4a671bb694277c7ccf1ddeaadcdc6d43d88e"},
  "earmark": {:hex, :earmark, "1.3.1", "73812f447f7a42358d3ba79283cfa3075a7580a3a2ed457616d6517ac3738cb9", [:mix], [], "hexpm", "000aaeff08919e95e7aea13e4af7b2b9734577b3e6a7c50ee31ee88cab6ec4fb"},
  "esaml": {:hex, :esaml, "4.2.0", "e3236ec9c1974c50f50766b9923f7f127a95a17b75ea229ef5dad36a7e6dd5fc", [:rebar3], [{:cowboy, "2.6.0", [hex: :cowboy, repo: "hexpm", optional: false]}], "hexpm", "010d98b0eacddfd938192de2b493b92db9d0ab094ed10cb6838e63b5d64633f8"},
  "ex_doc": {:hex, :ex_doc, "0.19.3", "3c7b0f02851f5fc13b040e8e925051452e41248f685e40250d7e40b07b9f8c10", [:mix], [{:earmark, "~> 1.2", [hex: :earmark, repo: "hexpm", optional: false]}, {:makeup_elixir, "~> 0.10", [hex: :makeup_elixir, repo: "hexpm", optional: false]}], "hexpm", "0e11d67e662142fc3945b0ee410c73c8c956717fbeae4ad954b418747c734973"},
  "inch_ex": {:hex, :inch_ex, "1.0.1", "1f0af1a83cec8e56f6fc91738a09c838e858db3d78ef5f2ec040fe4d5a62dabf", [:mix], [{:poison, "~> 1.5 or ~> 2.0 or ~> 3.0", [hex: :poison, repo: "hexpm", optional: false]}], "hexpm", "08fd8a9205d3e1aefad9d7cb2a7f6b346e4a3e6ff09e139f6ec978f3a479ba14"},
  "makeup": {:hex, :makeup, "0.8.0", "9cf32aea71c7fe0a4b2e9246c2c4978f9070257e5c9ce6d4a28ec450a839b55f", [:mix], [{:nimble_parsec, "~> 0.5.0", [hex: :nimble_parsec, repo: "hexpm", optional: false]}], "hexpm", "5fbc8e549aa9afeea2847c0769e3970537ed302f93a23ac612602e805d9d1e7f"},
  "makeup_elixir": {:hex, :makeup_elixir, "0.13.0", "be7a477997dcac2e48a9d695ec730b2d22418292675c75aa2d34ba0909dcdeda", [:mix], [{:makeup, "~> 0.8", [hex: :makeup, repo: "hexpm", optional: false]}], "hexpm", "adf0218695e22caeda2820eaba703fa46c91820d53813a2223413da3ef4ba515"},
  "mime": {:hex, :mime, "1.3.1", "30ce04ab3175b6ad0bdce0035cba77bba68b813d523d1aac73d9781b4d193cf8", [:mix], [], "hexpm", "6cbe761d6a0ca5a31a0931bf4c63204bceb64538e664a8ecf784a9a6f3b875f1"},
  "nimble_parsec": {:hex, :nimble_parsec, "0.5.0", "90e2eca3d0266e5c53f8fbe0079694740b9c91b6747f2b7e3c5d21966bba8300", [:mix], [], "hexpm", "5c040b8469c1ff1b10093d3186e2e10dbe483cd73d79ec017993fb3985b8a9b3"},
  "plug": {:hex, :plug, "1.7.2", "d7b7db7fbd755e8283b6c0a50be71ec0a3d67d9213d74422d9372effc8e87fd1", [:mix], [{:mime, "~> 1.0", [hex: :mime, repo: "hexpm", optional: false]}, {:plug_crypto, "~> 1.0", [hex: :plug_crypto, repo: "hexpm", optional: false]}], "hexpm", "de9825f21c6fd6adfdeae8f9c80dcd88c1e58301f06bf13d659b7e606b88abe0"},
  "plug_crypto": {:hex, :plug_crypto, "1.0.0", "18e49317d3fa343f24620ed22795ec29d4a5e602d52d1513ccea0b07d8ea7d4d", [:mix], [], "hexpm", "73c1682f0e414cfb5d9b95c8e8cd6ffcfdae699e3b05e1db744e58b7be857759"},
  "poison": {:hex, :poison, "3.1.0", "d9eb636610e096f86f25d9a46f35a9facac35609a7591b3be3326e99a0484665", [:mix], [], "hexpm", "fec8660eb7733ee4117b85f55799fd3833eb769a6df71ccf8903e8dc5447cfce"},
  "ranch": {:hex, :ranch, "1.7.1", "6b1fab51b49196860b733a49c07604465a47bdb78aa10c1c16a3d199f7f8c881", [:rebar3], [], "hexpm", "451d8527787df716d99dc36162fca05934915db0b6141bbdac2ea8d3c7afc7d7"},
  "sweet_xml": {:hex, :sweet_xml, "0.6.6", "fc3e91ec5dd7c787b6195757fbcf0abc670cee1e4172687b45183032221b66b8", [:mix], [], "hexpm", "2e1ec458f892ffa81f9f8386e3f35a1af6db7a7a37748a64478f13163a1f3573"},
}
